
Microsoft Visual Studio Solution File, Format Version 12.00
# Visual Studio Version 17
VisualStudioVersion = 17.0.31903.59
MinimumVisualStudioVersion = 10.0.40219.1
Project("{FAE04EC0-301F-11D3-BF4B-00C04F79EFBC}") = "OfficeMvc", "OfficeMvc.csproj", "{43864752-27A1-4996-BC59-9883ABEECE6F}"
EndProject
Global
	GlobalSection(SolutionConfigurationPlatforms) = preSolution
		Debug|Any CPU = Debug|Any CPU
		Release|Any CPU = Release|Any CPU
	EndGlobalSection
	GlobalSection(ProjectConfigurationPlatforms) = postSolution
		{43864752-27A1-4996-BC59-9883ABEECE6F}.Debug|Any CPU.ActiveCfg = Debug|Any CPU
		{43864752-27A1-4996-BC59-9883ABEECE6F}.Debug|Any CPU.Build.0 = Debug|Any CPU
		{43864752-27A1-4996-BC59-9883ABEECE6F}.Release|Any CPU.ActiveCfg = Release|Any CPU
		{43864752-27A1-4996-BC59-9883ABEECE6F}.Release|Any CPU.Build.0 = Release|Any CPU
	EndGlobalSection
	GlobalSection(SolutionProperties) = preSolution
		HideSolutionNode = FALSE
	EndGlobalSection
	GlobalSection(ExtensibilityGlobals) = postSolution
		SolutionGuid = {C2EB3190-2575-4239-A04A-621719724679}
	EndGlobalSection
EndGlobal
